// !$*UTF8*$!
{
	archiveVersion = 1;
	classes = {
	};
	objectVersion = 55;
	objects = {

/* Begin PBXBuildFile section */
		6C361D0B288FD30800833E93 /* MapViewController.swift in Sources */ = {isa = PBXBuildFile; fileRef = 6C361D0A288FD30800833E93 /* MapViewController.swift */; };
		6C361D11288FD3FA00833E93 /* LocationRepository.swift in Sources */ = {isa = PBXBuildFile; fileRef = 6C361D10288FD3FA00833E93 /* LocationRepository.swift */; };
		6C361D13288FD64C00833E93 /* MainTabBarController.swift in Sources */ = {isa = PBXBuildFile; fileRef = 6C361D12288FD64C00833E93 /* MainTabBarController.swift */; };
		6C361D15288FDA5500833E93 /* UIColor + extension.swift in Sources */ = {isa = PBXBuildFile; fileRef = 6C361D14288FDA5500833E93 /* UIColor + extension.swift */; };
		6C361D252891000400833E93 /* MapViewModel.swift in Sources */ = {isa = PBXBuildFile; fileRef = 6C361D242891000400833E93 /* MapViewModel.swift */; };
		6C361D27289102D200833E93 /* NetworkContainer.swift in Sources */ = {isa = PBXBuildFile; fileRef = 6C361D26289102D200833E93 /* NetworkContainer.swift */; };
		6C361D292891035200833E93 /* NetworkInjector.swift in Sources */ = {isa = PBXBuildFile; fileRef = 6C361D282891035200833E93 /* NetworkInjector.swift */; };
		6C361D2D2891067D00833E93 /* Toilet.swift in Sources */ = {isa = PBXBuildFile; fileRef = 6C361D2C2891067D00833E93 /* Toilet.swift */; };
		6C361D2F289107BB00833E93 /* Coordinate.swift in Sources */ = {isa = PBXBuildFile; fileRef = 6C361D2E289107BB00833E93 /* Coordinate.swift */; };
		6C361D31289107C800833E93 /* StarRate.swift in Sources */ = {isa = PBXBuildFile; fileRef = 6C361D30289107C800833E93 /* StarRate.swift */; };
		6C3AB473289C3886008E36F3 /* DetailViewModel.swift in Sources */ = {isa = PBXBuildFile; fileRef = 6C3AB472289C3886008E36F3 /* DetailViewModel.swift */; };
		6C4DA7452891183B00FB3BA0 /* NetworkManager.swift in Sources */ = {isa = PBXBuildFile; fileRef = 6C4DA7442891183B00FB3BA0 /* NetworkManager.swift */; };
		6C4DA74828911BB500FB3BA0 /* Requestable.swift in Sources */ = {isa = PBXBuildFile; fileRef = 6C4DA74728911BB500FB3BA0 /* Requestable.swift */; };
		6C4DA74A28911BC300FB3BA0 /* NetworkError.swift in Sources */ = {isa = PBXBuildFile; fileRef = 6C4DA74928911BC300FB3BA0 /* NetworkError.swift */; };
		6C51DEF1288FA6470057B436 /* AppDelegate.swift in Sources */ = {isa = PBXBuildFile; fileRef = 6C51DEF0288FA6470057B436 /* AppDelegate.swift */; };
		6C51DEF3288FA6470057B436 /* SceneDelegate.swift in Sources */ = {isa = PBXBuildFile; fileRef = 6C51DEF2288FA6470057B436 /* SceneDelegate.swift */; };
		6C51DEF5288FA6470057B436 /* LogInViewController.swift in Sources */ = {isa = PBXBuildFile; fileRef = 6C51DEF4288FA6470057B436 /* LogInViewController.swift */; };
		6C51DEFA288FA6480057B436 /* Assets.xcassets in Resources */ = {isa = PBXBuildFile; fileRef = 6C51DEF9288FA6480057B436 /* Assets.xcassets */; };
		6C51DF06288FA72E0057B436 /* RxRelay in Frameworks */ = {isa = PBXBuildFile; productRef = 6C51DF05288FA72E0057B436 /* RxRelay */; };
		6C51DF08288FA72E0057B436 /* RxSwift in Frameworks */ = {isa = PBXBuildFile; productRef = 6C51DF07288FA72E0057B436 /* RxSwift */; };
		6C51DF0B288FA73C0057B436 /* Alamofire in Frameworks */ = {isa = PBXBuildFile; productRef = 6C51DF0A288FA73C0057B436 /* Alamofire */; };
		6C51DF0E288FA79C0057B436 /* .swiftlint.yml in Resources */ = {isa = PBXBuildFile; fileRef = 6C51DF0D288FA79C0057B436 /* .swiftlint.yml */; };
		6C51DF11288FA7E10057B436 /* SnapKit in Frameworks */ = {isa = PBXBuildFile; productRef = 6C51DF10288FA7E10057B436 /* SnapKit */; };
		6C51DF17288FBAF80057B436 /* SF-Pro-Display-Regular.otf in Resources */ = {isa = PBXBuildFile; fileRef = 6C51DF13288FBAF70057B436 /* SF-Pro-Display-Regular.otf */; };
		6C51DF18288FBAF80057B436 /* SF-Pro-Text-Regular.otf in Resources */ = {isa = PBXBuildFile; fileRef = 6C51DF14288FBAF70057B436 /* SF-Pro-Text-Regular.otf */; };
		6C51DF19288FBAF80057B436 /* SF-Pro-Display-Semibold.otf in Resources */ = {isa = PBXBuildFile; fileRef = 6C51DF15288FBAF80057B436 /* SF-Pro-Display-Semibold.otf */; };
		6C51DF1A288FBAF80057B436 /* SF-Pro-Display-Bold.otf in Resources */ = {isa = PBXBuildFile; fileRef = 6C51DF16288FBAF80057B436 /* SF-Pro-Display-Bold.otf */; };
		6C51DF1D288FBB5F0057B436 /* UIFont + extension.swift in Sources */ = {isa = PBXBuildFile; fileRef = 6C51DF1C288FBB5F0057B436 /* UIFont + extension.swift */; };
		6C51DF24288FBF900057B436 /* SloganLabel.swift in Sources */ = {isa = PBXBuildFile; fileRef = 6C51DF23288FBF900057B436 /* SloganLabel.swift */; };
		6C51DF26288FC1990057B436 /* Constraint.swift in Sources */ = {isa = PBXBuildFile; fileRef = 6C51DF25288FC1990057B436 /* Constraint.swift */; };
		6C51DF29288FC7280057B436 /* UIButton + extension.swift in Sources */ = {isa = PBXBuildFile; fileRef = 6C51DF28288FC7280057B436 /* UIButton + extension.swift */; };
		6C51DF2B288FCC0C0057B436 /* Constant.swift in Sources */ = {isa = PBXBuildFile; fileRef = 6C51DF2A288FCC0C0057B436 /* Constant.swift */; };
		6C5A57C7289C4AEB00650FBA /* publicToilet.json in Resources */ = {isa = PBXBuildFile; fileRef = 6C5A57C6289C4AEB00650FBA /* publicToilet.json */; };
		6C5A57C9289D107000650FBA /* Information.swift in Sources */ = {isa = PBXBuildFile; fileRef = 6C5A57C8289D107000650FBA /* Information.swift */; };
		6C5A57CB289D13F300650FBA /* Comment.swift in Sources */ = {isa = PBXBuildFile; fileRef = 6C5A57CA289D13F300650FBA /* Comment.swift */; };
		6C5A57CE289D14B400650FBA /* MockDetailViewRepository.swift in Sources */ = {isa = PBXBuildFile; fileRef = 6C5A57CD289D14B400650FBA /* MockDetailViewRepository.swift */; };
		6C5A57D2289D162B00650FBA /* comments.json in Resources */ = {isa = PBXBuildFile; fileRef = 6C5A57D1289D162B00650FBA /* comments.json */; };
		6C5A57D4289D17AC00650FBA /* CommentEntity.swift in Sources */ = {isa = PBXBuildFile; fileRef = 6C5A57D3289D17AC00650FBA /* CommentEntity.swift */; };
		6C9EC9C7289285C600874708 /* MockMapViewRepository.swift in Sources */ = {isa = PBXBuildFile; fileRef = 6C9EC9C6289285C600874708 /* MockMapViewRepository.swift */; };
		6C9EC9CA289378A300874708 /* MockEndPoint.swift in Sources */ = {isa = PBXBuildFile; fileRef = 6C9EC9C9289378A300874708 /* MockEndPoint.swift */; };
		6C9EC9CC28937B7D00874708 /* MapViewDelegate.swift in Sources */ = {isa = PBXBuildFile; fileRef = 6C9EC9CB28937B7D00874708 /* MapViewDelegate.swift */; };
		6C9EC9D228990A5200874708 /* RxCocoa in Frameworks */ = {isa = PBXBuildFile; productRef = 6C9EC9D128990A5200874708 /* RxCocoa */; };
		6C9EC9D428991A0E00874708 /* Marker.swift in Sources */ = {isa = PBXBuildFile; fileRef = 6C9EC9D328991A0E00874708 /* Marker.swift */; };
		6C9EC9DB289A390800874708 /* DetailViewController.swift in Sources */ = {isa = PBXBuildFile; fileRef = 6C9EC9DA289A390800874708 /* DetailViewController.swift */; };
		6C9EC9DE289A4EEC00874708 /* StarRateView.swift in Sources */ = {isa = PBXBuildFile; fileRef = 6C9EC9DD289A4EEC00874708 /* StarRateView.swift */; };
		6CACC007289125DA0003463A /* ToiletMapEntity.swift in Sources */ = {isa = PBXBuildFile; fileRef = 6CACC006289125DA0003463A /* ToiletMapEntity.swift */; };
		6CACC009289128DE0003463A /* RequestProtocol.swift in Sources */ = {isa = PBXBuildFile; fileRef = 6CACC008289128DE0003463A /* RequestProtocol.swift */; };
/* End PBXBuildFile section */

/* Begin PBXFileReference section */
		6C361D0A288FD30800833E93 /* MapViewController.swift */ = {isa = PBXFileReference; lastKnownFileType = sourcecode.swift; path = MapViewController.swift; sourceTree = "<group>"; };
		6C361D10288FD3FA00833E93 /* LocationRepository.swift */ = {isa = PBXFileReference; lastKnownFileType = sourcecode.swift; path = LocationRepository.swift; sourceTree = "<group>"; };
		6C361D12288FD64C00833E93 /* MainTabBarController.swift */ = {isa = PBXFileReference; lastKnownFileType = sourcecode.swift; path = MainTabBarController.swift; sourceTree = "<group>"; };
		6C361D14288FDA5500833E93 /* UIColor + extension.swift */ = {isa = PBXFileReference; lastKnownFileType = sourcecode.swift; path = "UIColor + extension.swift"; sourceTree = "<group>"; };
		6C361D242891000400833E93 /* MapViewModel.swift */ = {isa = PBXFileReference; lastKnownFileType = sourcecode.swift; path = MapViewModel.swift; sourceTree = "<group>"; };
		6C361D26289102D200833E93 /* NetworkContainer.swift */ = {isa = PBXFileReference; lastKnownFileType = sourcecode.swift; path = NetworkContainer.swift; sourceTree = "<group>"; };
		6C361D282891035200833E93 /* NetworkInjector.swift */ = {isa = PBXFileReference; lastKnownFileType = sourcecode.swift; path = NetworkInjector.swift; sourceTree = "<group>"; };
		6C361D2C2891067D00833E93 /* Toilet.swift */ = {isa = PBXFileReference; lastKnownFileType = sourcecode.swift; path = Toilet.swift; sourceTree = "<group>"; };
		6C361D2E289107BB00833E93 /* Coordinate.swift */ = {isa = PBXFileReference; lastKnownFileType = sourcecode.swift; path = Coordinate.swift; sourceTree = "<group>"; };
		6C361D30289107C800833E93 /* StarRate.swift */ = {isa = PBXFileReference; lastKnownFileType = sourcecode.swift; path = StarRate.swift; sourceTree = "<group>"; };
		6C3AB472289C3886008E36F3 /* DetailViewModel.swift */ = {isa = PBXFileReference; lastKnownFileType = sourcecode.swift; path = DetailViewModel.swift; sourceTree = "<group>"; };
		6C4DA7442891183B00FB3BA0 /* NetworkManager.swift */ = {isa = PBXFileReference; lastKnownFileType = sourcecode.swift; path = NetworkManager.swift; sourceTree = "<group>"; };
		6C4DA74728911BB500FB3BA0 /* Requestable.swift */ = {isa = PBXFileReference; lastKnownFileType = sourcecode.swift; path = Requestable.swift; sourceTree = "<group>"; };
		6C4DA74928911BC300FB3BA0 /* NetworkError.swift */ = {isa = PBXFileReference; lastKnownFileType = sourcecode.swift; path = NetworkError.swift; sourceTree = "<group>"; };
		6C51DEED288FA6470057B436 /* favoriteToilet.app */ = {isa = PBXFileReference; explicitFileType = wrapper.application; includeInIndex = 0; path = favoriteToilet.app; sourceTree = BUILT_PRODUCTS_DIR; };
		6C51DEF0288FA6470057B436 /* AppDelegate.swift */ = {isa = PBXFileReference; lastKnownFileType = sourcecode.swift; path = AppDelegate.swift; sourceTree = "<group>"; };
		6C51DEF2288FA6470057B436 /* SceneDelegate.swift */ = {isa = PBXFileReference; lastKnownFileType = sourcecode.swift; path = SceneDelegate.swift; sourceTree = "<group>"; };
		6C51DEF4288FA6470057B436 /* LogInViewController.swift */ = {isa = PBXFileReference; lastKnownFileType = sourcecode.swift; path = LogInViewController.swift; sourceTree = "<group>"; };
		6C51DEF9288FA6480057B436 /* Assets.xcassets */ = {isa = PBXFileReference; lastKnownFileType = folder.assetcatalog; path = Assets.xcassets; sourceTree = "<group>"; };
		6C51DEFE288FA6480057B436 /* Info.plist */ = {isa = PBXFileReference; lastKnownFileType = text.plist.xml; path = Info.plist; sourceTree = "<group>"; };
		6C51DF0D288FA79C0057B436 /* .swiftlint.yml */ = {isa = PBXFileReference; lastKnownFileType = text.yaml; path = .swiftlint.yml; sourceTree = "<group>"; };
		6C51DF13288FBAF70057B436 /* SF-Pro-Display-Regular.otf */ = {isa = PBXFileReference; lastKnownFileType = file; path = "SF-Pro-Display-Regular.otf"; sourceTree = "<group>"; };
		6C51DF14288FBAF70057B436 /* SF-Pro-Text-Regular.otf */ = {isa = PBXFileReference; lastKnownFileType = file; path = "SF-Pro-Text-Regular.otf"; sourceTree = "<group>"; };
		6C51DF15288FBAF80057B436 /* SF-Pro-Display-Semibold.otf */ = {isa = PBXFileReference; lastKnownFileType = file; path = "SF-Pro-Display-Semibold.otf"; sourceTree = "<group>"; };
		6C51DF16288FBAF80057B436 /* SF-Pro-Display-Bold.otf */ = {isa = PBXFileReference; lastKnownFileType = file; path = "SF-Pro-Display-Bold.otf"; sourceTree = "<group>"; };
		6C51DF1C288FBB5F0057B436 /* UIFont + extension.swift */ = {isa = PBXFileReference; lastKnownFileType = sourcecode.swift; path = "UIFont + extension.swift"; sourceTree = "<group>"; };
		6C51DF23288FBF900057B436 /* SloganLabel.swift */ = {isa = PBXFileReference; lastKnownFileType = sourcecode.swift; path = SloganLabel.swift; sourceTree = "<group>"; };
		6C51DF25288FC1990057B436 /* Constraint.swift */ = {isa = PBXFileReference; lastKnownFileType = sourcecode.swift; path = Constraint.swift; sourceTree = "<group>"; };
		6C51DF28288FC7280057B436 /* UIButton + extension.swift */ = {isa = PBXFileReference; lastKnownFileType = sourcecode.swift; path = "UIButton + extension.swift"; sourceTree = "<group>"; };
		6C51DF2A288FCC0C0057B436 /* Constant.swift */ = {isa = PBXFileReference; lastKnownFileType = sourcecode.swift; path = Constant.swift; sourceTree = "<group>"; };
		6C5A57C6289C4AEB00650FBA /* publicToilet.json */ = {isa = PBXFileReference; fileEncoding = 4; lastKnownFileType = text.json; path = publicToilet.json; sourceTree = "<group>"; };
		6C5A57C8289D107000650FBA /* Information.swift */ = {isa = PBXFileReference; lastKnownFileType = sourcecode.swift; path = Information.swift; sourceTree = "<group>"; };
		6C5A57CA289D13F300650FBA /* Comment.swift */ = {isa = PBXFileReference; lastKnownFileType = sourcecode.swift; path = Comment.swift; sourceTree = "<group>"; };
		6C5A57CD289D14B400650FBA /* MockDetailViewRepository.swift */ = {isa = PBXFileReference; lastKnownFileType = sourcecode.swift; path = MockDetailViewRepository.swift; sourceTree = "<group>"; };
		6C5A57D1289D162B00650FBA /* comments.json */ = {isa = PBXFileReference; fileEncoding = 4; lastKnownFileType = text.json; path = comments.json; sourceTree = "<group>"; };
		6C5A57D3289D17AC00650FBA /* CommentEntity.swift */ = {isa = PBXFileReference; lastKnownFileType = sourcecode.swift; path = CommentEntity.swift; sourceTree = "<group>"; };
		6C9EC9C6289285C600874708 /* MockMapViewRepository.swift */ = {isa = PBXFileReference; lastKnownFileType = sourcecode.swift; path = MockMapViewRepository.swift; sourceTree = "<group>"; };
		6C9EC9C9289378A300874708 /* MockEndPoint.swift */ = {isa = PBXFileReference; lastKnownFileType = sourcecode.swift; path = MockEndPoint.swift; sourceTree = "<group>"; };
		6C9EC9CB28937B7D00874708 /* MapViewDelegate.swift */ = {isa = PBXFileReference; lastKnownFileType = sourcecode.swift; path = MapViewDelegate.swift; sourceTree = "<group>"; };
		6C9EC9D328991A0E00874708 /* Marker.swift */ = {isa = PBXFileReference; lastKnownFileType = sourcecode.swift; path = Marker.swift; sourceTree = "<group>"; };
		6C9EC9DA289A390800874708 /* DetailViewController.swift */ = {isa = PBXFileReference; lastKnownFileType = sourcecode.swift; path = DetailViewController.swift; sourceTree = "<group>"; };
		6C9EC9DD289A4EEC00874708 /* StarRateView.swift */ = {isa = PBXFileReference; lastKnownFileType = sourcecode.swift; path = StarRateView.swift; sourceTree = "<group>"; };
		6CACC006289125DA0003463A /* ToiletMapEntity.swift */ = {isa = PBXFileReference; lastKnownFileType = sourcecode.swift; path = ToiletMapEntity.swift; sourceTree = "<group>"; };
		6CACC008289128DE0003463A /* RequestProtocol.swift */ = {isa = PBXFileReference; lastKnownFileType = sourcecode.swift; path = RequestProtocol.swift; sourceTree = "<group>"; };
/* End PBXFileReference section */

/* Begin PBXFrameworksBuildPhase section */
		6C51DEEA288FA6470057B436 /* Frameworks */ = {
			isa = PBXFrameworksBuildPhase;
			buildActionMask = 2147483647;
			files = (
				6C51DF0B288FA73C0057B436 /* Alamofire in Frameworks */,
				6C51DF11288FA7E10057B436 /* SnapKit in Frameworks */,
				6C9EC9D228990A5200874708 /* RxCocoa in Frameworks */,
				6C51DF08288FA72E0057B436 /* RxSwift in Frameworks */,
				6C51DF06288FA72E0057B436 /* RxRelay in Frameworks */,
			);
			runOnlyForDeploymentPostprocessing = 0;
		};
/* End PBXFrameworksBuildPhase section */

/* Begin PBXGroup section */
		6C361D09288FD2EC00833E93 /* Map */ = {
			isa = PBXGroup;
			children = (
				6C361D0A288FD30800833E93 /* MapViewController.swift */,
				6C361D242891000400833E93 /* MapViewModel.swift */,
				6C9EC9CB28937B7D00874708 /* MapViewDelegate.swift */,
			);
			path = Map;
			sourceTree = "<group>";
		};
		6C361D16288FDFA500833E93 /* Repository */ = {
			isa = PBXGroup;
			children = (
				6C361D26289102D200833E93 /* NetworkContainer.swift */,
				6C361D10288FD3FA00833E93 /* LocationRepository.swift */,
				6C9EC9C6289285C600874708 /* MockMapViewRepository.swift */,
				6C5A57CD289D14B400650FBA /* MockDetailViewRepository.swift */,
			);
			path = Repository;
			sourceTree = "<group>";
		};
		6C361D2A2891066F00833E93 /* Model */ = {
			isa = PBXGroup;
			children = (
				6C9EC9C52892852500874708 /* Entity */,
				6C4DA74628911BA700FB3BA0 /* API */,
				6C361D2B2891067700833E93 /* Domain */,
			);
			path = Model;
			sourceTree = "<group>";
		};
		6C361D2B2891067700833E93 /* Domain */ = {
			isa = PBXGroup;
			children = (
				6C361D2C2891067D00833E93 /* Toilet.swift */,
				6C361D2E289107BB00833E93 /* Coordinate.swift */,
				6C361D30289107C800833E93 /* StarRate.swift */,
				6C9EC9D328991A0E00874708 /* Marker.swift */,
				6C5A57C8289D107000650FBA /* Information.swift */,
				6C5A57CA289D13F300650FBA /* Comment.swift */,
			);
			path = Domain;
			sourceTree = "<group>";
		};
		6C4DA74628911BA700FB3BA0 /* API */ = {
			isa = PBXGroup;
			children = (
				6C9EC9C82893789600874708 /* EndPoint */,
				6C4DA7442891183B00FB3BA0 /* NetworkManager.swift */,
				6C4DA74728911BB500FB3BA0 /* Requestable.swift */,
				6C4DA74928911BC300FB3BA0 /* NetworkError.swift */,
				6CACC008289128DE0003463A /* RequestProtocol.swift */,
			);
			path = API;
			sourceTree = "<group>";
		};
		6C51DEE4288FA6470057B436 = {
			isa = PBXGroup;
			children = (
				6C51DF0D288FA79C0057B436 /* .swiftlint.yml */,
				6C51DEEF288FA6470057B436 /* favoriteToilet */,
				6C51DEEE288FA6470057B436 /* Products */,
			);
			sourceTree = "<group>";
		};
		6C51DEEE288FA6470057B436 /* Products */ = {
			isa = PBXGroup;
			children = (
				6C51DEED288FA6470057B436 /* favoriteToilet.app */,
			);
			name = Products;
			sourceTree = "<group>";
		};
		6C51DEEF288FA6470057B436 /* favoriteToilet */ = {
			isa = PBXGroup;
			children = (
				6C51DF12288FBADC0057B436 /* Resource */,
				6C51DF1E288FBBEB0057B436 /* Source */,
				6C51DF1B288FBB4B0057B436 /* Extension */,
				6C51DEF9288FA6480057B436 /* Assets.xcassets */,
				6C51DEFE288FA6480057B436 /* Info.plist */,
			);
			path = favoriteToilet;
			sourceTree = "<group>";
		};
		6C51DF12288FBADC0057B436 /* Resource */ = {
			isa = PBXGroup;
			children = (
				6CACC00A28912D060003463A /* MockData */,
				6C51DF16288FBAF80057B436 /* SF-Pro-Display-Bold.otf */,
				6C51DF13288FBAF70057B436 /* SF-Pro-Display-Regular.otf */,
				6C51DF15288FBAF80057B436 /* SF-Pro-Display-Semibold.otf */,
				6C51DF14288FBAF70057B436 /* SF-Pro-Text-Regular.otf */,
			);
			path = Resource;
			sourceTree = "<group>";
		};
		6C51DF1B288FBB4B0057B436 /* Extension */ = {
			isa = PBXGroup;
			children = (
				6C51DF1C288FBB5F0057B436 /* UIFont + extension.swift */,
				6C51DF28288FC7280057B436 /* UIButton + extension.swift */,
				6C361D14288FDA5500833E93 /* UIColor + extension.swift */,
			);
			path = Extension;
			sourceTree = "<group>";
		};
		6C51DF1E288FBBEB0057B436 /* Source */ = {
			isa = PBXGroup;
			children = (
				6C361D2A2891066F00833E93 /* Model */,
				6C361D16288FDFA500833E93 /* Repository */,
				6C51DF27288FC33B0057B436 /* Support */,
				6C51DF21288FBC140057B436 /* View */,
				6C51DF1F288FBBFB0057B436 /* LifeCycle */,
			);
			path = Source;
			sourceTree = "<group>";
		};
		6C51DF1F288FBBFB0057B436 /* LifeCycle */ = {
			isa = PBXGroup;
			children = (
				6C51DEF0288FA6470057B436 /* AppDelegate.swift */,
				6C51DEF2288FA6470057B436 /* SceneDelegate.swift */,
			);
			path = LifeCycle;
			sourceTree = "<group>";
		};
		6C51DF21288FBC140057B436 /* View */ = {
			isa = PBXGroup;
			children = (
				6C361D12288FD64C00833E93 /* MainTabBarController.swift */,
				6C9EC9DC289A390C00874708 /* Detail */,
				6C361D09288FD2EC00833E93 /* Map */,
				6C51DF22288FBC1B0057B436 /* LogIn */,
			);
			path = View;
			sourceTree = "<group>";
		};
		6C51DF22288FBC1B0057B436 /* LogIn */ = {
			isa = PBXGroup;
			children = (
				6C51DEF4288FA6470057B436 /* LogInViewController.swift */,
				6C51DF23288FBF900057B436 /* SloganLabel.swift */,
			);
			path = LogIn;
			sourceTree = "<group>";
		};
		6C51DF27288FC33B0057B436 /* Support */ = {
			isa = PBXGroup;
			children = (
				6C51DF25288FC1990057B436 /* Constraint.swift */,
				6C51DF2A288FCC0C0057B436 /* Constant.swift */,
				6C361D282891035200833E93 /* NetworkInjector.swift */,
			);
			path = Support;
			sourceTree = "<group>";
		};
		6C9EC9C52892852500874708 /* Entity */ = {
			isa = PBXGroup;
			children = (
				6CACC006289125DA0003463A /* ToiletMapEntity.swift */,
				6C5A57D3289D17AC00650FBA /* CommentEntity.swift */,
			);
			path = Entity;
			sourceTree = "<group>";
		};
		6C9EC9C82893789600874708 /* EndPoint */ = {
			isa = PBXGroup;
			children = (
				6C9EC9C9289378A300874708 /* MockEndPoint.swift */,
			);
			path = EndPoint;
			sourceTree = "<group>";
		};
		6C9EC9DC289A390C00874708 /* Detail */ = {
			isa = PBXGroup;
			children = (
				6C9EC9DA289A390800874708 /* DetailViewController.swift */,
				6C9EC9DD289A4EEC00874708 /* StarRateView.swift */,
				6C3AB472289C3886008E36F3 /* DetailViewModel.swift */,
			);
			path = Detail;
			sourceTree = "<group>";
		};
		6CACC00A28912D060003463A /* MockData */ = {
			isa = PBXGroup;
			children = (
				6C5A57C6289C4AEB00650FBA /* publicToilet.json */,
				6C5A57D1289D162B00650FBA /* comments.json */,
			);
			path = MockData;
			sourceTree = "<group>";
		};
/* End PBXGroup section */

/* Begin PBXNativeTarget section */
		6C51DEEC288FA6470057B436 /* favoriteToilet */ = {
			isa = PBXNativeTarget;
			buildConfigurationList = 6C51DF01288FA6480057B436 /* Build configuration list for PBXNativeTarget "favoriteToilet" */;
			buildPhases = (
				6C51DEE9288FA6470057B436 /* Sources */,
				6C51DEEA288FA6470057B436 /* Frameworks */,
				6C51DEEB288FA6470057B436 /* Resources */,
				6C51DF0C288FA7580057B436 /* ShellScript */,
			);
			buildRules = (
			);
			dependencies = (
			);
			name = favoriteToilet;
			packageProductDependencies = (
				6C51DF05288FA72E0057B436 /* RxRelay */,
				6C51DF07288FA72E0057B436 /* RxSwift */,
				6C51DF0A288FA73C0057B436 /* Alamofire */,
				6C51DF10288FA7E10057B436 /* SnapKit */,
				6C9EC9D128990A5200874708 /* RxCocoa */,
			);
			productName = favoriteToilet;
			productReference = 6C51DEED288FA6470057B436 /* favoriteToilet.app */;
			productType = "com.apple.product-type.application";
		};
/* End PBXNativeTarget section */

/* Begin PBXProject section */
		6C51DEE5288FA6470057B436 /* Project object */ = {
			isa = PBXProject;
			attributes = {
				BuildIndependentTargetsInParallel = 1;
				LastSwiftUpdateCheck = 1340;
				LastUpgradeCheck = 1340;
				TargetAttributes = {
					6C51DEEC288FA6470057B436 = {
						CreatedOnToolsVersion = 13.4.1;
					};
				};
			};
			buildConfigurationList = 6C51DEE8288FA6470057B436 /* Build configuration list for PBXProject "favoriteToilet" */;
			compatibilityVersion = "Xcode 13.0";
			developmentRegion = en;
			hasScannedForEncodings = 0;
			knownRegions = (
				en,
				Base,
			);
			mainGroup = 6C51DEE4288FA6470057B436;
			packageReferences = (
				6C51DF04288FA72E0057B436 /* XCRemoteSwiftPackageReference "RxSwift" */,
				6C51DF09288FA73C0057B436 /* XCRemoteSwiftPackageReference "Alamofire" */,
				6C51DF0F288FA7E10057B436 /* XCRemoteSwiftPackageReference "SnapKit" */,
				6C9EC9D028990A5200874708 /* XCRemoteSwiftPackageReference "RxSwift" */,
			);
			productRefGroup = 6C51DEEE288FA6470057B436 /* Products */;
			projectDirPath = "";
			projectRoot = "";
			targets = (
				6C51DEEC288FA6470057B436 /* favoriteToilet */,
			);
		};
/* End PBXProject section */

/* Begin PBXResourcesBuildPhase section */
		6C51DEEB288FA6470057B436 /* Resources */ = {
			isa = PBXResourcesBuildPhase;
			buildActionMask = 2147483647;
			files = (
				6C51DF0E288FA79C0057B436 /* .swiftlint.yml in Resources */,
				6C51DF17288FBAF80057B436 /* SF-Pro-Display-Regular.otf in Resources */,
				6C51DF1A288FBAF80057B436 /* SF-Pro-Display-Bold.otf in Resources */,
				6C51DF19288FBAF80057B436 /* SF-Pro-Display-Semibold.otf in Resources */,
				6C51DF18288FBAF80057B436 /* SF-Pro-Text-Regular.otf in Resources */,
				6C51DEFA288FA6480057B436 /* Assets.xcassets in Resources */,
				6C5A57C7289C4AEB00650FBA /* publicToilet.json in Resources */,
				6C5A57D2289D162B00650FBA /* comments.json in Resources */,
			);
			runOnlyForDeploymentPostprocessing = 0;
		};
/* End PBXResourcesBuildPhase section */

/* Begin PBXShellScriptBuildPhase section */
		6C51DF0C288FA7580057B436 /* ShellScript */ = {
			isa = PBXShellScriptBuildPhase;
			buildActionMask = 2147483647;
			files = (
			);
			inputFileListPaths = (
			);
			inputPaths = (
			);
			outputFileListPaths = (
			);
			outputPaths = (
			);
			runOnlyForDeploymentPostprocessing = 0;
			shellPath = /bin/sh;
			shellScript = "export PATH=\"$PATH:/opt/homebrew/bin\"\nif which swiftlint > /dev/null; then\n  swiftlint\nelse\n  echo \"warning: SwiftLint not installed, download from https://github.com/realm/SwiftLint\"\nfi\n";
		};
/* End PBXShellScriptBuildPhase section */

/* Begin PBXSourcesBuildPhase section */
		6C51DEE9288FA6470057B436 /* Sources */ = {
			isa = PBXSourcesBuildPhase;
			buildActionMask = 2147483647;
			files = (
				6C9EC9CC28937B7D00874708 /* MapViewDelegate.swift in Sources */,
				6C51DF1D288FBB5F0057B436 /* UIFont + extension.swift in Sources */,
				6C9EC9C7289285C600874708 /* MockMapViewRepository.swift in Sources */,
				6C51DEF5288FA6470057B436 /* LogInViewController.swift in Sources */,
				6C4DA74A28911BC300FB3BA0 /* NetworkError.swift in Sources */,
				6C361D13288FD64C00833E93 /* MainTabBarController.swift in Sources */,
				6C4DA7452891183B00FB3BA0 /* NetworkManager.swift in Sources */,
				6C51DEF1288FA6470057B436 /* AppDelegate.swift in Sources */,
				6C361D292891035200833E93 /* NetworkInjector.swift in Sources */,
				6C9EC9DB289A390800874708 /* DetailViewController.swift in Sources */,
				6C361D252891000400833E93 /* MapViewModel.swift in Sources */,
				6C9EC9DE289A4EEC00874708 /* StarRateView.swift in Sources */,
				6C51DF2B288FCC0C0057B436 /* Constant.swift in Sources */,
				6C5A57CE289D14B400650FBA /* MockDetailViewRepository.swift in Sources */,
				6C3AB473289C3886008E36F3 /* DetailViewModel.swift in Sources */,
				6C361D0B288FD30800833E93 /* MapViewController.swift in Sources */,
				6C4DA74828911BB500FB3BA0 /* Requestable.swift in Sources */,
				6CACC009289128DE0003463A /* RequestProtocol.swift in Sources */,
				6C9EC9CA289378A300874708 /* MockEndPoint.swift in Sources */,
				6C361D2D2891067D00833E93 /* Toilet.swift in Sources */,
				6C51DF29288FC7280057B436 /* UIButton + extension.swift in Sources */,
				6C9EC9D428991A0E00874708 /* Marker.swift in Sources */,
				6C51DEF3288FA6470057B436 /* SceneDelegate.swift in Sources */,
				6C361D11288FD3FA00833E93 /* LocationRepository.swift in Sources */,
				6C361D27289102D200833E93 /* NetworkContainer.swift in Sources */,
				6C51DF24288FBF900057B436 /* SloganLabel.swift in Sources */,
				6CACC007289125DA0003463A /* ToiletMapEntity.swift in Sources */,
				6C51DF26288FC1990057B436 /* Constraint.swift in Sources */,
				6C361D2F289107BB00833E93 /* Coordinate.swift in Sources */,
				6C5A57D4289D17AC00650FBA /* CommentEntity.swift in Sources */,
				6C361D15288FDA5500833E93 /* UIColor + extension.swift in Sources */,
				6C5A57C9289D107000650FBA /* Information.swift in Sources */,
				6C5A57CB289D13F300650FBA /* Comment.swift in Sources */,
				6C361D31289107C800833E93 /* StarRate.swift in Sources */,
			);
			runOnlyForDeploymentPostprocessing = 0;
		};
/* End PBXSourcesBuildPhase section */

/* Begin XCBuildConfiguration section */
		6C51DEFF288FA6480057B436 /* Debug */ = {
			isa = XCBuildConfiguration;
			buildSettings = {
				ALWAYS_SEARCH_USER_PATHS = NO;
				CLANG_ANALYZER_NONNULL = YES;
				CLANG_ANALYZER_NUMBER_OBJECT_CONVERSION = YES_AGGRESSIVE;
				CLANG_CXX_LANGUAGE_STANDARD = "gnu++17";
				CLANG_ENABLE_MODULES = YES;
				CLANG_ENABLE_OBJC_ARC = YES;
				CLANG_ENABLE_OBJC_WEAK = YES;
				CLANG_WARN_BLOCK_CAPTURE_AUTORELEASING = YES;
				CLANG_WARN_BOOL_CONVERSION = YES;
				CLANG_WARN_COMMA = YES;
				CLANG_WARN_CONSTANT_CONVERSION = YES;
				CLANG_WARN_DEPRECATED_OBJC_IMPLEMENTATIONS = YES;
				CLANG_WARN_DIRECT_OBJC_ISA_USAGE = YES_ERROR;
				CLANG_WARN_DOCUMENTATION_COMMENTS = YES;
				CLANG_WARN_EMPTY_BODY = YES;
				CLANG_WARN_ENUM_CONVERSION = YES;
				CLANG_WARN_INFINITE_RECURSION = YES;
				CLANG_WARN_INT_CONVERSION = YES;
				CLANG_WARN_NON_LITERAL_NULL_CONVERSION = YES;
				CLANG_WARN_OBJC_IMPLICIT_RETAIN_SELF = YES;
				CLANG_WARN_OBJC_LITERAL_CONVERSION = YES;
				CLANG_WARN_OBJC_ROOT_CLASS = YES_ERROR;
				CLANG_WARN_QUOTED_INCLUDE_IN_FRAMEWORK_HEADER = YES;
				CLANG_WARN_RANGE_LOOP_ANALYSIS = YES;
				CLANG_WARN_STRICT_PROTOTYPES = YES;
				CLANG_WARN_SUSPICIOUS_MOVE = YES;
				CLANG_WARN_UNGUARDED_AVAILABILITY = YES_AGGRESSIVE;
				CLANG_WARN_UNREACHABLE_CODE = YES;
				CLANG_WARN__DUPLICATE_METHOD_MATCH = YES;
				COPY_PHASE_STRIP = NO;
				DEBUG_INFORMATION_FORMAT = dwarf;
				ENABLE_STRICT_OBJC_MSGSEND = YES;
				ENABLE_TESTABILITY = YES;
				GCC_C_LANGUAGE_STANDARD = gnu11;
				GCC_DYNAMIC_NO_PIC = NO;
				GCC_NO_COMMON_BLOCKS = YES;
				GCC_OPTIMIZATION_LEVEL = 0;
				GCC_PREPROCESSOR_DEFINITIONS = (
					"DEBUG=1",
					"$(inherited)",
				);
				GCC_WARN_64_TO_32_BIT_CONVERSION = YES;
				GCC_WARN_ABOUT_RETURN_TYPE = YES_ERROR;
				GCC_WARN_UNDECLARED_SELECTOR = YES;
				GCC_WARN_UNINITIALIZED_AUTOS = YES_AGGRESSIVE;
				GCC_WARN_UNUSED_FUNCTION = YES;
				GCC_WARN_UNUSED_VARIABLE = YES;
				IPHONEOS_DEPLOYMENT_TARGET = 15.5;
				MTL_ENABLE_DEBUG_INFO = INCLUDE_SOURCE;
				MTL_FAST_MATH = YES;
				ONLY_ACTIVE_ARCH = YES;
				SDKROOT = iphoneos;
				SWIFT_ACTIVE_COMPILATION_CONDITIONS = DEBUG;
				SWIFT_OPTIMIZATION_LEVEL = "-Onone";
			};
			name = Debug;
		};
		6C51DF00288FA6480057B436 /* Release */ = {
			isa = XCBuildConfiguration;
			buildSettings = {
				ALWAYS_SEARCH_USER_PATHS = NO;
				CLANG_ANALYZER_NONNULL = YES;
				CLANG_ANALYZER_NUMBER_OBJECT_CONVERSION = YES_AGGRESSIVE;
				CLANG_CXX_LANGUAGE_STANDARD = "gnu++17";
				CLANG_ENABLE_MODULES = YES;
				CLANG_ENABLE_OBJC_ARC = YES;
				CLANG_ENABLE_OBJC_WEAK = YES;
				CLANG_WARN_BLOCK_CAPTURE_AUTORELEASING = YES;
				CLANG_WARN_BOOL_CONVERSION = YES;
				CLANG_WARN_COMMA = YES;
				CLANG_WARN_CONSTANT_CONVERSION = YES;
				CLANG_WARN_DEPRECATED_OBJC_IMPLEMENTATIONS = YES;
				CLANG_WARN_DIRECT_OBJC_ISA_USAGE = YES_ERROR;
				CLANG_WARN_DOCUMENTATION_COMMENTS = YES;
				CLANG_WARN_EMPTY_BODY = YES;
				CLANG_WARN_ENUM_CONVERSION = YES;
				CLANG_WARN_INFINITE_RECURSION = YES;
				CLANG_WARN_INT_CONVERSION = YES;
				CLANG_WARN_NON_LITERAL_NULL_CONVERSION = YES;
				CLANG_WARN_OBJC_IMPLICIT_RETAIN_SELF = YES;
				CLANG_WARN_OBJC_LITERAL_CONVERSION = YES;
				CLANG_WARN_OBJC_ROOT_CLASS = YES_ERROR;
				CLANG_WARN_QUOTED_INCLUDE_IN_FRAMEWORK_HEADER = YES;
				CLANG_WARN_RANGE_LOOP_ANALYSIS = YES;
				CLANG_WARN_STRICT_PROTOTYPES = YES;
				CLANG_WARN_SUSPICIOUS_MOVE = YES;
				CLANG_WARN_UNGUARDED_AVAILABILITY = YES_AGGRESSIVE;
				CLANG_WARN_UNREACHABLE_CODE = YES;
				CLANG_WARN__DUPLICATE_METHOD_MATCH = YES;
				COPY_PHASE_STRIP = NO;
				DEBUG_INFORMATION_FORMAT = "dwarf-with-dsym";
				ENABLE_NS_ASSERTIONS = NO;
				ENABLE_STRICT_OBJC_MSGSEND = YES;
				GCC_C_LANGUAGE_STANDARD = gnu11;
				GCC_NO_COMMON_BLOCKS = YES;
				GCC_WARN_64_TO_32_BIT_CONVERSION = YES;
				GCC_WARN_ABOUT_RETURN_TYPE = YES_ERROR;
				GCC_WARN_UNDECLARED_SELECTOR = YES;
				GCC_WARN_UNINITIALIZED_AUTOS = YES_AGGRESSIVE;
				GCC_WARN_UNUSED_FUNCTION = YES;
				GCC_WARN_UNUSED_VARIABLE = YES;
				IPHONEOS_DEPLOYMENT_TARGET = 15.5;
				MTL_ENABLE_DEBUG_INFO = NO;
				MTL_FAST_MATH = YES;
				SDKROOT = iphoneos;
				SWIFT_COMPILATION_MODE = wholemodule;
				SWIFT_OPTIMIZATION_LEVEL = "-O";
				VALIDATE_PRODUCT = YES;
			};
			name = Release;
		};
		6C51DF02288FA6480057B436 /* Debug */ = {
			isa = XCBuildConfiguration;
			buildSettings = {
				ASSETCATALOG_COMPILER_APPICON_NAME = AppIcon;
				ASSETCATALOG_COMPILER_GLOBAL_ACCENT_COLOR_NAME = AccentColor;
				CODE_SIGN_STYLE = Automatic;
				CURRENT_PROJECT_VERSION = 1;
				DEVELOPMENT_TEAM = 8ZQU3Y88G8;
				GENERATE_INFOPLIST_FILE = YES;
				INFOPLIST_FILE = favoriteToilet/Info.plist;
				INFOPLIST_KEY_UIApplicationSupportsIndirectInputEvents = YES;
				INFOPLIST_KEY_UILaunchStoryboardName = LaunchScreen;
				INFOPLIST_KEY_UISupportedInterfaceOrientations_iPad = "UIInterfaceOrientationPortrait UIInterfaceOrientationPortraitUpsideDown UIInterfaceOrientationLandscapeLeft UIInterfaceOrientationLandscapeRight";
				INFOPLIST_KEY_UISupportedInterfaceOrientations_iPhone = "UIInterfaceOrientationPortrait UIInterfaceOrientationLandscapeLeft UIInterfaceOrientationLandscapeRight";
				LD_RUNPATH_SEARCH_PATHS = (
					"$(inherited)",
					"@executable_path/Frameworks",
				);
				MARKETING_VERSION = 1.0;
				PRODUCT_BUNDLE_IDENTIFIER = com.favoriteToilet;
				PRODUCT_NAME = "$(TARGET_NAME)";
				SWIFT_EMIT_LOC_STRINGS = YES;
				SWIFT_VERSION = 5.0;
				TARGETED_DEVICE_FAMILY = "1,2";
			};
			name = Debug;
		};
		6C51DF03288FA6480057B436 /* Release */ = {
			isa = XCBuildConfiguration;
			buildSettings = {
				ASSETCATALOG_COMPILER_APPICON_NAME = AppIcon;
				ASSETCATALOG_COMPILER_GLOBAL_ACCENT_COLOR_NAME = AccentColor;
				CODE_SIGN_STYLE = Automatic;
				CURRENT_PROJECT_VERSION = 1;
				DEVELOPMENT_TEAM = 8ZQU3Y88G8;
				GENERATE_INFOPLIST_FILE = YES;
				INFOPLIST_FILE = favoriteToilet/Info.plist;
				INFOPLIST_KEY_UIApplicationSupportsIndirectInputEvents = YES;
				INFOPLIST_KEY_UILaunchStoryboardName = LaunchScreen;
				INFOPLIST_KEY_UISupportedInterfaceOrientations_iPad = "UIInterfaceOrientationPortrait UIInterfaceOrientationPortraitUpsideDown UIInterfaceOrientationLandscapeLeft UIInterfaceOrientationLandscapeRight";
				INFOPLIST_KEY_UISupportedInterfaceOrientations_iPhone = "UIInterfaceOrientationPortrait UIInterfaceOrientationLandscapeLeft UIInterfaceOrientationLandscapeRight";
				LD_RUNPATH_SEARCH_PATHS = (
					"$(inherited)",
					"@executable_path/Frameworks",
				);
				MARKETING_VERSION = 1.0;
				PRODUCT_BUNDLE_IDENTIFIER = com.favoriteToilet;
				PRODUCT_NAME = "$(TARGET_NAME)";
				SWIFT_EMIT_LOC_STRINGS = YES;
				SWIFT_VERSION = 5.0;
				TARGETED_DEVICE_FAMILY = "1,2";
			};
			name = Release;
		};
/* End XCBuildConfiguration section */

/* Begin XCConfigurationList section */
		6C51DEE8288FA6470057B436 /* Build configuration list for PBXProject "favoriteToilet" */ = {
			isa = XCConfigurationList;
			buildConfigurations = (
				6C51DEFF288FA6480057B436 /* Debug */,
				6C51DF00288FA6480057B436 /* Release */,
			);
			defaultConfigurationIsVisible = 0;
			defaultConfigurationName = Release;
		};
		6C51DF01288FA6480057B436 /* Build configuration list for PBXNativeTarget "favoriteToilet" */ = {
			isa = XCConfigurationList;
			buildConfigurations = (
				6C51DF02288FA6480057B436 /* Debug */,
				6C51DF03288FA6480057B436 /* Release */,
			);
			defaultConfigurationIsVisible = 0;
			defaultConfigurationName = Release;
		};
/* End XCConfigurationList section */

/* Begin XCRemoteSwiftPackageReference section */
		6C51DF04288FA72E0057B436 /* XCRemoteSwiftPackageReference "RxSwift" */ = {
			isa = XCRemoteSwiftPackageReference;
			repositoryURL = "https://github.com/ReactiveX/RxSwift";
			requirement = {
				branch = main;
				kind = branch;
			};
		};
		6C51DF09288FA73C0057B436 /* XCRemoteSwiftPackageReference "Alamofire" */ = {
			isa = XCRemoteSwiftPackageReference;
			repositoryURL = "https://github.com/Alamofire/Alamofire";
			requirement = {
				kind = upToNextMajorVersion;
				minimumVersion = 5.0.0;
			};
		};
		6C51DF0F288FA7E10057B436 /* XCRemoteSwiftPackageReference "SnapKit" */ = {
			isa = XCRemoteSwiftPackageReference;
			repositoryURL = "https://github.com/SnapKit/SnapKit";
			requirement = {
				kind = upToNextMajorVersion;
				minimumVersion = 5.0.0;
			};
		};
		6C9EC9D028990A5200874708 /* XCRemoteSwiftPackageReference "RxSwift" */ = {
			isa = XCRemoteSwiftPackageReference;
			repositoryURL = "https://github.com/ReactiveX/RxSwift";
			requirement = {
				branch = main;
				kind = branch;
			};
		};
/* End XCRemoteSwiftPackageReference section */

/* Begin XCSwiftPackageProductDependency section */
		6C51DF05288FA72E0057B436 /* RxRelay */ = {
			isa = XCSwiftPackageProductDependency;
			package = 6C51DF04288FA72E0057B436 /* XCRemoteSwiftPackageReference "RxSwift" */;
			productName = RxRelay;
		};
		6C51DF07288FA72E0057B436 /* RxSwift */ = {
			isa = XCSwiftPackageProductDependency;
			package = 6C51DF04288FA72E0057B436 /* XCRemoteSwiftPackageReference "RxSwift" */;
			productName = RxSwift;
		};
		6C51DF0A288FA73C0057B436 /* Alamofire */ = {
			isa = XCSwiftPackageProductDependency;
			package = 6C51DF09288FA73C0057B436 /* XCRemoteSwiftPackageReference "Alamofire" */;
			productName = Alamofire;
		};
		6C51DF10288FA7E10057B436 /* SnapKit */ = {
			isa = XCSwiftPackageProductDependency;
			package = 6C51DF0F288FA7E10057B436 /* XCRemoteSwiftPackageReference "SnapKit" */;
			productName = SnapKit;
		};
		6C9EC9D128990A5200874708 /* RxCocoa */ = {
			isa = XCSwiftPackageProductDependency;
			package = 6C51DF04288FA72E0057B436 /* XCRemoteSwiftPackageReference "RxSwift" */;
			productName = RxCocoa;
		};
/* End XCSwiftPackageProductDependency section */
	};
	rootObject = 6C51DEE5288FA6470057B436 /* Project object */;
}
